
Microsoft Visual Studio Solution File, Format Version 12.00
# Visual Studio 15
VisualStudioVersion = 15.0.28307.421
MinimumVisualStudioVersion = 10.0.40219.1
Project("{FAE04EC0-301F-11D3-BF4B-00C04F79EFBC}") = "Static1", "Static1\Static1.csproj", "{800835DC-6805-43E5-B258-B1895DE206B4}"
EndProject
Project("{FAE04EC0-301F-11D3-BF4B-00C04F79EFBC}") = "Static2", "Static2\Static2.csproj", "{66EE077D-0A2B-4F41-BB97-963852086739}"
EndProject
Project("{FAE04EC0-301F-11D3-BF4B-00C04F79EFBC}") = "Constant", "Constant\Constant.csproj", "{87186DA9-0F05-43FA-BDC8-2E3A087B99B7}"
EndProject
Project("{FAE04EC0-301F-11D3-BF4B-00C04F79EFBC}") = "Static3", "Static3\Static3.csproj", "{E89CFCBD-2B52-4C6C-91C3-F4EDD547076F}"
EndProject
Project("{FAE04EC0-301F-11D3-BF4B-00C04F79EFBC}") = "StaticConstructor", "StaticConstructor\StaticConstructor.csproj", "{B58747D2-20C9-411A-92A8-F24F7DEA459D}"
EndProject
Project("{FAE04EC0-301F-11D3-BF4B-00C04F79EFBC}") = "StaticConstructor2", "StaticConstructor2\StaticConstructor2.csproj", "{46192B06-7C4B-4C5B-93FF-05B4F45C18DE}"
EndProject
Project("{FAE04EC0-301F-11D3-BF4B-00C04F79EFBC}") = "Constructors", "Constructors\Constructors.csproj", "{535F4B7A-4DDD-402A-8384-FD8506147226}"
EndProject
Project("{FAE04EC0-301F-11D3-BF4B-00C04F79EFBC}") = "Static4", "Static4\Static4.csproj", "{7B418CCC-C72B-4F67-B18E-02D6F1EFA34C}"
EndProject
Project("{FAE04EC0-301F-11D3-BF4B-00C04F79EFBC}") = "StaticClass", "StaticClass\StaticClass.csproj", "{DDEF5F67-D0F3-47CF-8C78-BA6B15D8319E}"
EndProject
Global
	GlobalSection(SolutionConfigurationPlatforms) = preSolution
		Debug|Any CPU = Debug|Any CPU
		Release|Any CPU = Release|Any CPU
	EndGlobalSection
	GlobalSection(ProjectConfigurationPlatforms) = postSolution
		{800835DC-6805-43E5-B258-B1895DE206B4}.Debug|Any CPU.ActiveCfg = Debug|Any CPU
		{800835DC-6805-43E5-B258-B1895DE206B4}.Debug|Any CPU.Build.0 = Debug|Any CPU
		{800835DC-6805-43E5-B258-B1895DE206B4}.Release|Any CPU.ActiveCfg = Release|Any CPU
		{800835DC-6805-43E5-B258-B1895DE206B4}.Release|Any CPU.Build.0 = Release|Any CPU
		{66EE077D-0A2B-4F41-BB97-963852086739}.Debug|Any CPU.ActiveCfg = Debug|Any CPU
		{66EE077D-0A2B-4F41-BB97-963852086739}.Debug|Any CPU.Build.0 = Debug|Any CPU
		{66EE077D-0A2B-4F41-BB97-963852086739}.Release|Any CPU.ActiveCfg = Release|Any CPU
		{66EE077D-0A2B-4F41-BB97-963852086739}.Release|Any CPU.Build.0 = Release|Any CPU
		{87186DA9-0F05-43FA-BDC8-2E3A087B99B7}.Debug|Any CPU.ActiveCfg = Debug|Any CPU
		{87186DA9-0F05-43FA-BDC8-2E3A087B99B7}.Debug|Any CPU.Build.0 = Debug|Any CPU
		{87186DA9-0F05-43FA-BDC8-2E3A087B99B7}.Release|Any CPU.ActiveCfg = Release|Any CPU
		{87186DA9-0F05-43FA-BDC8-2E3A087B99B7}.Release|Any CPU.Build.0 = Release|Any CPU
		{E89CFCBD-2B52-4C6C-91C3-F4EDD547076F}.Debug|Any CPU.ActiveCfg = Debug|Any CPU
		{E89CFCBD-2B52-4C6C-91C3-F4EDD547076F}.Debug|Any CPU.Build.0 = Debug|Any CPU
		{E89CFCBD-2B52-4C6C-91C3-F4EDD547076F}.Release|Any CPU.ActiveCfg = Release|Any CPU
		{E89CFCBD-2B52-4C6C-91C3-F4EDD547076F}.Release|Any CPU.Build.0 = Release|Any CPU
		{B58747D2-20C9-411A-92A8-F24F7DEA459D}.Debug|Any CPU.ActiveCfg = Debug|Any CPU
		{B58747D2-20C9-411A-92A8-F24F7DEA459D}.Debug|Any CPU.Build.0 = Debug|Any CPU
		{B58747D2-20C9-411A-92A8-F24F7DEA459D}.Release|Any CPU.ActiveCfg = Release|Any CPU
		{B58747D2-20C9-411A-92A8-F24F7DEA459D}.Release|Any CPU.Build.0 = Release|Any CPU
		{46192B06-7C4B-4C5B-93FF-05B4F45C18DE}.Debug|Any CPU.ActiveCfg = Debug|Any CPU
		{46192B06-7C4B-4C5B-93FF-05B4F45C18DE}.Debug|Any CPU.Build.0 = Debug|Any CPU
		{46192B06-7C4B-4C5B-93FF-05B4F45C18DE}.Release|Any CPU.ActiveCfg = Release|Any CPU
		{46192B06-7C4B-4C5B-93FF-05B4F45C18DE}.Release|Any CPU.Build.0 = Release|Any CPU
		{535F4B7A-4DDD-402A-8384-FD8506147226}.Debug|Any CPU.ActiveCfg = Debug|Any CPU
		{535F4B7A-4DDD-402A-8384-FD8506147226}.Debug|Any CPU.Build.0 = Debug|Any CPU
		{535F4B7A-4DDD-402A-8384-FD8506147226}.Release|Any CPU.ActiveCfg = Release|Any CPU
		{535F4B7A-4DDD-402A-8384-FD8506147226}.Release|Any CPU.Build.0 = Release|Any CPU
		{7B418CCC-C72B-4F67-B18E-02D6F1EFA34C}.Debug|Any CPU.ActiveCfg = Debug|Any CPU
		{7B418CCC-C72B-4F67-B18E-02D6F1EFA34C}.Debug|Any CPU.Build.0 = Debug|Any CPU
		{7B418CCC-C72B-4F67-B18E-02D6F1EFA34C}.Release|Any CPU.ActiveCfg = Release|Any CPU
		{7B418CCC-C72B-4F67-B18E-02D6F1EFA34C}.Release|Any CPU.Build.0 = Release|Any CPU
		{DDEF5F67-D0F3-47CF-8C78-BA6B15D8319E}.Debug|Any CPU.ActiveCfg = Debug|Any CPU
		{DDEF5F67-D0F3-47CF-8C78-BA6B15D8319E}.Debug|Any CPU.Build.0 = Debug|Any CPU
		{DDEF5F67-D0F3-47CF-8C78-BA6B15D8319E}.Release|Any CPU.ActiveCfg = Release|Any CPU
		{DDEF5F67-D0F3-47CF-8C78-BA6B15D8319E}.Release|Any CPU.Build.0 = Release|Any CPU
	EndGlobalSection
	GlobalSection(SolutionProperties) = preSolution
		HideSolutionNode = FALSE
	EndGlobalSection
	GlobalSection(ExtensibilityGlobals) = postSolution
		SolutionGuid = {14FA0DE1-5D89-4E0E-920A-75DF94AACD3F}
	EndGlobalSection
EndGlobal
