
Microsoft Visual Studio Solution File, Format Version 12.00
# Visual Studio 15
VisualStudioVersion = 15.0.28307.329
MinimumVisualStudioVersion = 10.0.40219.1
Project("{FAE04EC0-301F-11D3-BF4B-00C04F79EFBC}") = "Abstraction", "Abstraction\Abstraction.csproj", "{C9BB5F7A-BDD2-4718-9F65-FB8F80F56F0B}"
EndProject
Project("{FAE04EC0-301F-11D3-BF4B-00C04F79EFBC}") = "Abstraction2", "Abstraction2\Abstraction2.csproj", "{CDBAB257-D8A5-4D9F-91D3-C76358888F9B}"
EndProject
Project("{FAE04EC0-301F-11D3-BF4B-00C04F79EFBC}") = "Abstraction3", "Abstraction3\Abstraction3.csproj", "{5FEA38F6-67E2-4557-B721-5C3F24554EC5}"
EndProject
Project("{FAE04EC0-301F-11D3-BF4B-00C04F79EFBC}") = "Abstraction4", "Abstraction4\Abstraction4.csproj", "{6271C0C2-3B59-4C22-9752-14E863A0E642}"
EndProject
Global
	GlobalSection(SolutionConfigurationPlatforms) = preSolution
		Debug|Any CPU = Debug|Any CPU
		Release|Any CPU = Release|Any CPU
	EndGlobalSection
	GlobalSection(ProjectConfigurationPlatforms) = postSolution
		{C9BB5F7A-BDD2-4718-9F65-FB8F80F56F0B}.Debug|Any CPU.ActiveCfg = Debug|Any CPU
		{C9BB5F7A-BDD2-4718-9F65-FB8F80F56F0B}.Debug|Any CPU.Build.0 = Debug|Any CPU
		{C9BB5F7A-BDD2-4718-9F65-FB8F80F56F0B}.Release|Any CPU.ActiveCfg = Release|Any CPU
		{C9BB5F7A-BDD2-4718-9F65-FB8F80F56F0B}.Release|Any CPU.Build.0 = Release|Any CPU
		{CDBAB257-D8A5-4D9F-91D3-C76358888F9B}.Debug|Any CPU.ActiveCfg = Debug|Any CPU
		{CDBAB257-D8A5-4D9F-91D3-C76358888F9B}.Debug|Any CPU.Build.0 = Debug|Any CPU
		{CDBAB257-D8A5-4D9F-91D3-C76358888F9B}.Release|Any CPU.ActiveCfg = Release|Any CPU
		{CDBAB257-D8A5-4D9F-91D3-C76358888F9B}.Release|Any CPU.Build.0 = Release|Any CPU
		{5FEA38F6-67E2-4557-B721-5C3F24554EC5}.Debug|Any CPU.ActiveCfg = Debug|Any CPU
		{5FEA38F6-67E2-4557-B721-5C3F24554EC5}.Debug|Any CPU.Build.0 = Debug|Any CPU
		{5FEA38F6-67E2-4557-B721-5C3F24554EC5}.Release|Any CPU.ActiveCfg = Release|Any CPU
		{5FEA38F6-67E2-4557-B721-5C3F24554EC5}.Release|Any CPU.Build.0 = Release|Any CPU
		{6271C0C2-3B59-4C22-9752-14E863A0E642}.Debug|Any CPU.ActiveCfg = Debug|Any CPU
		{6271C0C2-3B59-4C22-9752-14E863A0E642}.Debug|Any CPU.Build.0 = Debug|Any CPU
		{6271C0C2-3B59-4C22-9752-14E863A0E642}.Release|Any CPU.ActiveCfg = Release|Any CPU
		{6271C0C2-3B59-4C22-9752-14E863A0E642}.Release|Any CPU.Build.0 = Release|Any CPU
	EndGlobalSection
	GlobalSection(SolutionProperties) = preSolution
		HideSolutionNode = FALSE
	EndGlobalSection
	GlobalSection(ExtensibilityGlobals) = postSolution
		SolutionGuid = {A5549F2F-570E-44E0-BC7E-121980AC05F8}
	EndGlobalSection
EndGlobal
