
Microsoft Visual Studio Solution File, Format Version 12.00
# Visual Studio 15
VisualStudioVersion = 15.0.28307.329
MinimumVisualStudioVersion = 10.0.40219.1
Project("{FAE04EC0-301F-11D3-BF4B-00C04F79EFBC}") = "Inheritance", "Inheritance\Inheritance.csproj", "{FFD9639C-7D55-4193-8489-2827B6A6C333}"
EndProject
Project("{FAE04EC0-301F-11D3-BF4B-00C04F79EFBC}") = "Inheritance1", "Inheritance1\Inheritance1.csproj", "{9B9733D2-7F39-4938-BC98-92BE24E65159}"
EndProject
Project("{FAE04EC0-301F-11D3-BF4B-00C04F79EFBC}") = "Inheritance2", "Inheritance2\Inheritance2.csproj", "{EA67CF6A-C99B-41FE-929E-318D49E3C13F}"
EndProject
Project("{FAE04EC0-301F-11D3-BF4B-00C04F79EFBC}") = "Inheritance3", "Inheritance3\Inheritance3.csproj", "{09F1869D-0148-4B3B-B081-E11ED0B1373F}"
EndProject
Project("{FAE04EC0-301F-11D3-BF4B-00C04F79EFBC}") = "Inheritance4", "Inheritance4\Inheritance4.csproj", "{917DEAFA-FF8F-4997-A6AA-1DCA50F66B28}"
EndProject
Project("{FAE04EC0-301F-11D3-BF4B-00C04F79EFBC}") = "Inheritance5", "Inheritance5\Inheritance5.csproj", "{55479CDB-8F49-466A-801A-A4724104DF3E}"
EndProject
Project("{FAE04EC0-301F-11D3-BF4B-00C04F79EFBC}") = "Inheritance6", "Inheritance6\Inheritance6.csproj", "{B63BA485-72A9-422D-8830-8789AC178E3A}"
EndProject
Project("{FAE04EC0-301F-11D3-BF4B-00C04F79EFBC}") = "Virtual", "Virtual\Virtual.csproj", "{4C4A68AD-DA1C-4438-8FF8-033590ADA4B7}"
EndProject
Project("{FAE04EC0-301F-11D3-BF4B-00C04F79EFBC}") = "base.Method", "base.Method\base.Method.csproj", "{6F900282-638D-47F6-B5BC-C5BCD7A80BD4}"
EndProject
Global
	GlobalSection(SolutionConfigurationPlatforms) = preSolution
		Debug|Any CPU = Debug|Any CPU
		Release|Any CPU = Release|Any CPU
	EndGlobalSection
	GlobalSection(ProjectConfigurationPlatforms) = postSolution
		{FFD9639C-7D55-4193-8489-2827B6A6C333}.Debug|Any CPU.ActiveCfg = Debug|Any CPU
		{FFD9639C-7D55-4193-8489-2827B6A6C333}.Debug|Any CPU.Build.0 = Debug|Any CPU
		{FFD9639C-7D55-4193-8489-2827B6A6C333}.Release|Any CPU.ActiveCfg = Release|Any CPU
		{FFD9639C-7D55-4193-8489-2827B6A6C333}.Release|Any CPU.Build.0 = Release|Any CPU
		{9B9733D2-7F39-4938-BC98-92BE24E65159}.Debug|Any CPU.ActiveCfg = Debug|Any CPU
		{9B9733D2-7F39-4938-BC98-92BE24E65159}.Debug|Any CPU.Build.0 = Debug|Any CPU
		{9B9733D2-7F39-4938-BC98-92BE24E65159}.Release|Any CPU.ActiveCfg = Release|Any CPU
		{9B9733D2-7F39-4938-BC98-92BE24E65159}.Release|Any CPU.Build.0 = Release|Any CPU
		{EA67CF6A-C99B-41FE-929E-318D49E3C13F}.Debug|Any CPU.ActiveCfg = Debug|Any CPU
		{EA67CF6A-C99B-41FE-929E-318D49E3C13F}.Debug|Any CPU.Build.0 = Debug|Any CPU
		{EA67CF6A-C99B-41FE-929E-318D49E3C13F}.Release|Any CPU.ActiveCfg = Release|Any CPU
		{EA67CF6A-C99B-41FE-929E-318D49E3C13F}.Release|Any CPU.Build.0 = Release|Any CPU
		{09F1869D-0148-4B3B-B081-E11ED0B1373F}.Debug|Any CPU.ActiveCfg = Debug|Any CPU
		{09F1869D-0148-4B3B-B081-E11ED0B1373F}.Debug|Any CPU.Build.0 = Debug|Any CPU
		{09F1869D-0148-4B3B-B081-E11ED0B1373F}.Release|Any CPU.ActiveCfg = Release|Any CPU
		{09F1869D-0148-4B3B-B081-E11ED0B1373F}.Release|Any CPU.Build.0 = Release|Any CPU
		{917DEAFA-FF8F-4997-A6AA-1DCA50F66B28}.Debug|Any CPU.ActiveCfg = Debug|Any CPU
		{917DEAFA-FF8F-4997-A6AA-1DCA50F66B28}.Debug|Any CPU.Build.0 = Debug|Any CPU
		{917DEAFA-FF8F-4997-A6AA-1DCA50F66B28}.Release|Any CPU.ActiveCfg = Release|Any CPU
		{917DEAFA-FF8F-4997-A6AA-1DCA50F66B28}.Release|Any CPU.Build.0 = Release|Any CPU
		{55479CDB-8F49-466A-801A-A4724104DF3E}.Debug|Any CPU.ActiveCfg = Debug|Any CPU
		{55479CDB-8F49-466A-801A-A4724104DF3E}.Debug|Any CPU.Build.0 = Debug|Any CPU
		{55479CDB-8F49-466A-801A-A4724104DF3E}.Release|Any CPU.ActiveCfg = Release|Any CPU
		{55479CDB-8F49-466A-801A-A4724104DF3E}.Release|Any CPU.Build.0 = Release|Any CPU
		{B63BA485-72A9-422D-8830-8789AC178E3A}.Debug|Any CPU.ActiveCfg = Debug|Any CPU
		{B63BA485-72A9-422D-8830-8789AC178E3A}.Debug|Any CPU.Build.0 = Debug|Any CPU
		{B63BA485-72A9-422D-8830-8789AC178E3A}.Release|Any CPU.ActiveCfg = Release|Any CPU
		{B63BA485-72A9-422D-8830-8789AC178E3A}.Release|Any CPU.Build.0 = Release|Any CPU
		{4C4A68AD-DA1C-4438-8FF8-033590ADA4B7}.Debug|Any CPU.ActiveCfg = Debug|Any CPU
		{4C4A68AD-DA1C-4438-8FF8-033590ADA4B7}.Debug|Any CPU.Build.0 = Debug|Any CPU
		{4C4A68AD-DA1C-4438-8FF8-033590ADA4B7}.Release|Any CPU.ActiveCfg = Release|Any CPU
		{4C4A68AD-DA1C-4438-8FF8-033590ADA4B7}.Release|Any CPU.Build.0 = Release|Any CPU
		{6F900282-638D-47F6-B5BC-C5BCD7A80BD4}.Debug|Any CPU.ActiveCfg = Debug|Any CPU
		{6F900282-638D-47F6-B5BC-C5BCD7A80BD4}.Debug|Any CPU.Build.0 = Debug|Any CPU
		{6F900282-638D-47F6-B5BC-C5BCD7A80BD4}.Release|Any CPU.ActiveCfg = Release|Any CPU
		{6F900282-638D-47F6-B5BC-C5BCD7A80BD4}.Release|Any CPU.Build.0 = Release|Any CPU
	EndGlobalSection
	GlobalSection(SolutionProperties) = preSolution
		HideSolutionNode = FALSE
	EndGlobalSection
	GlobalSection(ExtensibilityGlobals) = postSolution
		SolutionGuid = {7CD7263D-9DD5-4374-B51E-6760FE883F1D}
	EndGlobalSection
EndGlobal
