
Microsoft Visual Studio Solution File, Format Version 12.00
# Visual Studio 15
VisualStudioVersion = 15.0.28307.329
MinimumVisualStudioVersion = 10.0.40219.1
Project("{FAE04EC0-301F-11D3-BF4B-00C04F79EFBC}") = "Inheritance", "Inheritance\Inheritance.csproj", "{FFD9639C-7D55-4193-8489-2827B6A6C333}"
EndProject
Project("{FAE04EC0-301F-11D3-BF4B-00C04F79EFBC}") = "Inheritance1", "Inheritance1\Inheritance1.csproj", "{9B9733D2-7F39-4938-BC98-92BE24E65159}"
EndProject
Project("{FAE04EC0-301F-11D3-BF4B-00C04F79EFBC}") = "Inheritance2", "Inheritance2\Inheritance2.csproj", "{EA67CF6A-C99B-41FE-929E-318D49E3C13F}"
EndProject
Project("{FAE04EC0-301F-11D3-BF4B-00C04F79EFBC}") = "Inheritance3", "Inheritance3\Inheritance3.csproj", "{09F1869D-0148-4B3B-B081-E11ED0B1373F}"
EndProject
Global
	GlobalSection(SolutionConfigurationPlatforms) = preSolution
		Debug|Any CPU = Debug|Any CPU
		Release|Any CPU = Release|Any CPU
	EndGlobalSection
	GlobalSection(ProjectConfigurationPlatforms) = postSolution
		{FFD9639C-7D55-4193-8489-2827B6A6C333}.Debug|Any CPU.ActiveCfg = Debug|Any CPU
		{FFD9639C-7D55-4193-8489-2827B6A6C333}.Debug|Any CPU.Build.0 = Debug|Any CPU
		{FFD9639C-7D55-4193-8489-2827B6A6C333}.Release|Any CPU.ActiveCfg = Release|Any CPU
		{FFD9639C-7D55-4193-8489-2827B6A6C333}.Release|Any CPU.Build.0 = Release|Any CPU
		{9B9733D2-7F39-4938-BC98-92BE24E65159}.Debug|Any CPU.ActiveCfg = Debug|Any CPU
		{9B9733D2-7F39-4938-BC98-92BE24E65159}.Debug|Any CPU.Build.0 = Debug|Any CPU
		{9B9733D2-7F39-4938-BC98-92BE24E65159}.Release|Any CPU.ActiveCfg = Release|Any CPU
		{9B9733D2-7F39-4938-BC98-92BE24E65159}.Release|Any CPU.Build.0 = Release|Any CPU
		{EA67CF6A-C99B-41FE-929E-318D49E3C13F}.Debug|Any CPU.ActiveCfg = Debug|Any CPU
		{EA67CF6A-C99B-41FE-929E-318D49E3C13F}.Debug|Any CPU.Build.0 = Debug|Any CPU
		{EA67CF6A-C99B-41FE-929E-318D49E3C13F}.Release|Any CPU.ActiveCfg = Release|Any CPU
		{EA67CF6A-C99B-41FE-929E-318D49E3C13F}.Release|Any CPU.Build.0 = Release|Any CPU
		{09F1869D-0148-4B3B-B081-E11ED0B1373F}.Debug|Any CPU.ActiveCfg = Debug|Any CPU
		{09F1869D-0148-4B3B-B081-E11ED0B1373F}.Debug|Any CPU.Build.0 = Debug|Any CPU
		{09F1869D-0148-4B3B-B081-E11ED0B1373F}.Release|Any CPU.ActiveCfg = Release|Any CPU
		{09F1869D-0148-4B3B-B081-E11ED0B1373F}.Release|Any CPU.Build.0 = Release|Any CPU
	EndGlobalSection
	GlobalSection(SolutionProperties) = preSolution
		HideSolutionNode = FALSE
	EndGlobalSection
	GlobalSection(ExtensibilityGlobals) = postSolution
		SolutionGuid = {7CD7263D-9DD5-4374-B51E-6760FE883F1D}
	EndGlobalSection
EndGlobal
