
Microsoft Visual Studio Solution File, Format Version 12.00
# Visual Studio 15
VisualStudioVersion = 15.0.28307.421
MinimumVisualStudioVersion = 10.0.40219.1
Project("{FAE04EC0-301F-11D3-BF4B-00C04F79EFBC}") = "HelloASP", "HelloASP\HelloASP.csproj", "{5916E839-34D7-4F49-A36D-7B56FF5198B2}"
EndProject
Global
	GlobalSection(SolutionConfigurationPlatforms) = preSolution
		Debug|Any CPU = Debug|Any CPU
		Release|Any CPU = Release|Any CPU
	EndGlobalSection
	GlobalSection(ProjectConfigurationPlatforms) = postSolution
		{5916E839-34D7-4F49-A36D-7B56FF5198B2}.Debug|Any CPU.ActiveCfg = Debug|Any CPU
		{5916E839-34D7-4F49-A36D-7B56FF5198B2}.Debug|Any CPU.Build.0 = Debug|Any CPU
		{5916E839-34D7-4F49-A36D-7B56FF5198B2}.Release|Any CPU.ActiveCfg = Release|Any CPU
		{5916E839-34D7-4F49-A36D-7B56FF5198B2}.Release|Any CPU.Build.0 = Release|Any CPU
	EndGlobalSection
	GlobalSection(SolutionProperties) = preSolution
		HideSolutionNode = FALSE
	EndGlobalSection
	GlobalSection(ExtensibilityGlobals) = postSolution
		SolutionGuid = {B3593E8C-6799-4E9B-B448-FE6EDE872930}
	EndGlobalSection
EndGlobal
