
Microsoft Visual Studio Solution File, Format Version 12.00
# Visual Studio 15
VisualStudioVersion = 15.0.28307.421
MinimumVisualStudioVersion = 10.0.40219.1
Project("{FAE04EC0-301F-11D3-BF4B-00C04F79EFBC}") = "001_Events", "Events1\001_Events.csproj", "{EA53D588-ABB7-4630-B11B-60480C6C6376}"
EndProject
Project("{FAE04EC0-301F-11D3-BF4B-00C04F79EFBC}") = "002_Events", "Events2\002_Events.csproj", "{9B37676F-ECFA-49D2-8808-1DE38C3AA498}"
EndProject
Project("{FAE04EC0-301F-11D3-BF4B-00C04F79EFBC}") = "003_Events", "Events3\003_Events.csproj", "{5355423A-0022-4860-8FBD-F9387E7DC987}"
EndProject
Project("{FAE04EC0-301F-11D3-BF4B-00C04F79EFBC}") = "004_Events", "Events4\004_Events.csproj", "{28A60401-B5FB-4711-BF1A-C7F4CFC7ACB3}"
EndProject
Project("{FAE04EC0-301F-11D3-BF4B-00C04F79EFBC}") = "005_Events", "Events5\005_Events.csproj", "{8FEACE47-D562-42FE-962A-EEB7DD182B00}"
EndProject
Project("{FAE04EC0-301F-11D3-BF4B-00C04F79EFBC}") = "006_Events", "Events6\006_Events.csproj", "{9F345B1E-E39D-4C3D-9711-33E8CC777F39}"
EndProject
Project("{FAE04EC0-301F-11D3-BF4B-00C04F79EFBC}") = "007_Events", "007_Events\007_Events.csproj", "{EB0CF2B9-76F3-46A8-8B1E-196020C40F17}"
EndProject
Global
	GlobalSection(SolutionConfigurationPlatforms) = preSolution
		Debug|Any CPU = Debug|Any CPU
		Debug|x86 = Debug|x86
		Release|Any CPU = Release|Any CPU
		Release|x86 = Release|x86
	EndGlobalSection
	GlobalSection(ProjectConfigurationPlatforms) = postSolution
		{EA53D588-ABB7-4630-B11B-60480C6C6376}.Debug|Any CPU.ActiveCfg = Debug|x86
		{EA53D588-ABB7-4630-B11B-60480C6C6376}.Debug|x86.ActiveCfg = Debug|x86
		{EA53D588-ABB7-4630-B11B-60480C6C6376}.Debug|x86.Build.0 = Debug|x86
		{EA53D588-ABB7-4630-B11B-60480C6C6376}.Release|Any CPU.ActiveCfg = Release|x86
		{EA53D588-ABB7-4630-B11B-60480C6C6376}.Release|x86.ActiveCfg = Release|x86
		{EA53D588-ABB7-4630-B11B-60480C6C6376}.Release|x86.Build.0 = Release|x86
		{9B37676F-ECFA-49D2-8808-1DE38C3AA498}.Debug|Any CPU.ActiveCfg = Debug|x86
		{9B37676F-ECFA-49D2-8808-1DE38C3AA498}.Debug|x86.ActiveCfg = Debug|x86
		{9B37676F-ECFA-49D2-8808-1DE38C3AA498}.Debug|x86.Build.0 = Debug|x86
		{9B37676F-ECFA-49D2-8808-1DE38C3AA498}.Release|Any CPU.ActiveCfg = Release|x86
		{9B37676F-ECFA-49D2-8808-1DE38C3AA498}.Release|x86.ActiveCfg = Release|x86
		{9B37676F-ECFA-49D2-8808-1DE38C3AA498}.Release|x86.Build.0 = Release|x86
		{5355423A-0022-4860-8FBD-F9387E7DC987}.Debug|Any CPU.ActiveCfg = Debug|x86
		{5355423A-0022-4860-8FBD-F9387E7DC987}.Debug|x86.ActiveCfg = Debug|x86
		{5355423A-0022-4860-8FBD-F9387E7DC987}.Debug|x86.Build.0 = Debug|x86
		{5355423A-0022-4860-8FBD-F9387E7DC987}.Release|Any CPU.ActiveCfg = Release|x86
		{5355423A-0022-4860-8FBD-F9387E7DC987}.Release|x86.ActiveCfg = Release|x86
		{5355423A-0022-4860-8FBD-F9387E7DC987}.Release|x86.Build.0 = Release|x86
		{28A60401-B5FB-4711-BF1A-C7F4CFC7ACB3}.Debug|Any CPU.ActiveCfg = Debug|x86
		{28A60401-B5FB-4711-BF1A-C7F4CFC7ACB3}.Debug|x86.ActiveCfg = Debug|x86
		{28A60401-B5FB-4711-BF1A-C7F4CFC7ACB3}.Debug|x86.Build.0 = Debug|x86
		{28A60401-B5FB-4711-BF1A-C7F4CFC7ACB3}.Release|Any CPU.ActiveCfg = Release|x86
		{28A60401-B5FB-4711-BF1A-C7F4CFC7ACB3}.Release|x86.ActiveCfg = Release|x86
		{28A60401-B5FB-4711-BF1A-C7F4CFC7ACB3}.Release|x86.Build.0 = Release|x86
		{8FEACE47-D562-42FE-962A-EEB7DD182B00}.Debug|Any CPU.ActiveCfg = Debug|x86
		{8FEACE47-D562-42FE-962A-EEB7DD182B00}.Debug|x86.ActiveCfg = Debug|x86
		{8FEACE47-D562-42FE-962A-EEB7DD182B00}.Debug|x86.Build.0 = Debug|x86
		{8FEACE47-D562-42FE-962A-EEB7DD182B00}.Release|Any CPU.ActiveCfg = Release|x86
		{8FEACE47-D562-42FE-962A-EEB7DD182B00}.Release|x86.ActiveCfg = Release|x86
		{8FEACE47-D562-42FE-962A-EEB7DD182B00}.Release|x86.Build.0 = Release|x86
		{9F345B1E-E39D-4C3D-9711-33E8CC777F39}.Debug|Any CPU.ActiveCfg = Debug|x86
		{9F345B1E-E39D-4C3D-9711-33E8CC777F39}.Debug|x86.ActiveCfg = Debug|x86
		{9F345B1E-E39D-4C3D-9711-33E8CC777F39}.Debug|x86.Build.0 = Debug|x86
		{9F345B1E-E39D-4C3D-9711-33E8CC777F39}.Release|Any CPU.ActiveCfg = Release|x86
		{9F345B1E-E39D-4C3D-9711-33E8CC777F39}.Release|x86.ActiveCfg = Release|x86
		{9F345B1E-E39D-4C3D-9711-33E8CC777F39}.Release|x86.Build.0 = Release|x86
		{EB0CF2B9-76F3-46A8-8B1E-196020C40F17}.Debug|Any CPU.ActiveCfg = Debug|Any CPU
		{EB0CF2B9-76F3-46A8-8B1E-196020C40F17}.Debug|Any CPU.Build.0 = Debug|Any CPU
		{EB0CF2B9-76F3-46A8-8B1E-196020C40F17}.Debug|x86.ActiveCfg = Debug|Any CPU
		{EB0CF2B9-76F3-46A8-8B1E-196020C40F17}.Debug|x86.Build.0 = Debug|Any CPU
		{EB0CF2B9-76F3-46A8-8B1E-196020C40F17}.Release|Any CPU.ActiveCfg = Release|Any CPU
		{EB0CF2B9-76F3-46A8-8B1E-196020C40F17}.Release|Any CPU.Build.0 = Release|Any CPU
		{EB0CF2B9-76F3-46A8-8B1E-196020C40F17}.Release|x86.ActiveCfg = Release|Any CPU
		{EB0CF2B9-76F3-46A8-8B1E-196020C40F17}.Release|x86.Build.0 = Release|Any CPU
	EndGlobalSection
	GlobalSection(SolutionProperties) = preSolution
		HideSolutionNode = FALSE
	EndGlobalSection
	GlobalSection(ExtensibilityGlobals) = postSolution
		SolutionGuid = {8DFFC772-DE55-4709-AE5E-6CC311736936}
	EndGlobalSection
EndGlobal
